// !$*UTF8*$!
{
	archiveVersion = 1;
	classes = {
	};
	objectVersion = 46;
	objects = {

/* Begin PBXBuildFile section */
		846572961E57587C00C18606 /* AppDelegate.swift in Sources */ = {isa = PBXBuildFile; fileRef = 846572951E57587C00C18606 /* AppDelegate.swift */; };
		846572981E57587C00C18606 /* ViewController.swift in Sources */ = {isa = PBXBuildFile; fileRef = 846572971E57587C00C18606 /* ViewController.swift */; };
		8465729B1E57587C00C18606 /* Main.storyboard in Resources */ = {isa = PBXBuildFile; fileRef = 846572991E57587C00C18606 /* Main.storyboard */; };
		8465729E1E57587C00C18606 /* DoIt.xcdatamodeld in Sources */ = {isa = PBXBuildFile; fileRef = 8465729C1E57587C00C18606 /* DoIt.xcdatamodeld */; };
		846572A01E57587C00C18606 /* Assets.xcassets in Resources */ = {isa = PBXBuildFile; fileRef = 8465729F1E57587C00C18606 /* Assets.xcassets */; };
		846572A31E57587C00C18606 /* LaunchScreen.storyboard in Resources */ = {isa = PBXBuildFile; fileRef = 846572A11E57587C00C18606 /* LaunchScreen.storyboard */; };
		846572AB1E576F9000C18606 /* task.swift in Sources */ = {isa = PBXBuildFile; fileRef = 846572AA1E576F9000C18606 /* task.swift */; };
		846572AD1E5790A700C18606 /* CreateTaskViewController.swift in Sources */ = {isa = PBXBuildFile; fileRef = 846572AC1E5790A700C18606 /* CreateTaskViewController.swift */; };
/* End PBXBuildFile section */

/* Begin PBXFileReference section */
		846572921E57587C00C18606 /* DoIt.app */ = {isa = PBXFileReference; explicitFileType = wrapper.application; includeInIndex = 0; path = DoIt.app; sourceTree = BUILT_PRODUCTS_DIR; };
		846572951E57587C00C18606 /* AppDelegate.swift */ = {isa = PBXFileReference; lastKnownFileType = sourcecode.swift; path = AppDelegate.swift; sourceTree = "<group>"; };
		846572971E57587C00C18606 /* ViewController.swift */ = {isa = PBXFileReference; lastKnownFileType = sourcecode.swift; path = ViewController.swift; sourceTree = "<group>"; };
		8465729A1E57587C00C18606 /* Base */ = {isa = PBXFileReference; lastKnownFileType = file.storyboard; name = Base; path = Base.lproj/Main.storyboard; sourceTree = "<group>"; };
		8465729D1E57587C00C18606 /* DoIt.xcdatamodel */ = {isa = PBXFileReference; lastKnownFileType = wrapper.xcdatamodel; path = DoIt.xcdatamodel; sourceTree = "<group>"; };
		8465729F1E57587C00C18606 /* Assets.xcassets */ = {isa = PBXFileReference; lastKnownFileType = folder.assetcatalog; path = Assets.xcassets; sourceTree = "<group>"; };
		846572A21E57587C00C18606 /* Base */ = {isa = PBXFileReference; lastKnownFileType = file.storyboard; name = Base; path = Base.lproj/LaunchScreen.storyboard; sourceTree = "<group>"; };
		846572A41E57587C00C18606 /* Info.plist */ = {isa = PBXFileReference; lastKnownFileType = text.plist.xml; path = Info.plist; sourceTree = "<group>"; };
		846572AA1E576F9000C18606 /* task.swift */ = {isa = PBXFileReference; fileEncoding = 4; lastKnownFileType = sourcecode.swift; path = task.swift; sourceTree = "<group>"; };
		846572AC1E5790A700C18606 /* CreateTaskViewController.swift */ = {isa = PBXFileReference; fileEncoding = 4; lastKnownFileType = sourcecode.swift; path = CreateTaskViewController.swift; sourceTree = "<group>"; };
/* End PBXFileReference section */

/* Begin PBXFrameworksBuildPhase section */
		8465728F1E57587C00C18606 /* Frameworks */ = {
			isa = PBXFrameworksBuildPhase;
			buildActionMask = 2147483647;
			files = (
			);
			runOnlyForDeploymentPostprocessing = 0;
		};
/* End PBXFrameworksBuildPhase section */

/* Begin PBXGroup section */
		846572891E57587C00C18606 = {
			isa = PBXGroup;
			children = (
				846572941E57587C00C18606 /* DoIt */,
				846572931E57587C00C18606 /* Products */,
			);
			sourceTree = "<group>";
		};
		846572931E57587C00C18606 /* Products */ = {
			isa = PBXGroup;
			children = (
				846572921E57587C00C18606 /* DoIt.app */,
			);
			name = Products;
			sourceTree = "<group>";
		};
		846572941E57587C00C18606 /* DoIt */ = {
			isa = PBXGroup;
			children = (
				846572951E57587C00C18606 /* AppDelegate.swift */,
				846572971E57587C00C18606 /* ViewController.swift */,
				846572AA1E576F9000C18606 /* task.swift */,
				846572991E57587C00C18606 /* Main.storyboard */,
				846572AC1E5790A700C18606 /* CreateTaskViewController.swift */,
				8465729F1E57587C00C18606 /* Assets.xcassets */,
				846572A11E57587C00C18606 /* LaunchScreen.storyboard */,
				846572A41E57587C00C18606 /* Info.plist */,
				8465729C1E57587C00C18606 /* DoIt.xcdatamodeld */,
			);
			path = DoIt;
			sourceTree = "<group>";
		};
/* End PBXGroup section */

/* Begin PBXNativeTarget section */
		846572911E57587C00C18606 /* DoIt */ = {
			isa = PBXNativeTarget;
			buildConfigurationList = 846572A71E57587C00C18606 /* Build configuration list for PBXNativeTarget "DoIt" */;
			buildPhases = (
				8465728E1E57587C00C18606 /* Sources */,
				8465728F1E57587C00C18606 /* Frameworks */,
				846572901E57587C00C18606 /* Resources */,
			);
			buildRules = (
			);
			dependencies = (
			);
			name = DoIt;
			productName = DoIt;
			productReference = 846572921E57587C00C18606 /* DoIt.app */;
			productType = "com.apple.product-type.application";
		};
/* End PBXNativeTarget section */

/* Begin PBXProject section */
		8465728A1E57587C00C18606 /* Project object */ = {
			isa = PBXProject;
			attributes = {
				LastSwiftUpdateCheck = 0820;
				LastUpgradeCheck = 0820;
				ORGANIZATIONNAME = "Kamil Wrobel";
				TargetAttributes = {
					846572911E57587C00C18606 = {
						CreatedOnToolsVersion = 8.2.1;
						ProvisioningStyle = Automatic;
					};
				};
			};
			buildConfigurationList = 8465728D1E57587C00C18606 /* Build configuration list for PBXProject "DoIt" */;
			compatibilityVersion = "Xcode 3.2";
			developmentRegion = English;
			hasScannedForEncodings = 0;
			knownRegions = (
				en,
				Base,
			);
			mainGroup = 846572891E57587C00C18606;
			productRefGroup = 846572931E57587C00C18606 /* Products */;
			projectDirPath = "";
			projectRoot = "";
			targets = (
				846572911E57587C00C18606 /* DoIt */,
			);
		};
/* End PBXProject section */

/* Begin PBXResourcesBuildPhase section */
		846572901E57587C00C18606 /* Resources */ = {
			isa = PBXResourcesBuildPhase;
			buildActionMask = 2147483647;
			files = (
				846572A31E57587C00C18606 /* LaunchScreen.storyboard in Resources */,
				846572A01E57587C00C18606 /* Assets.xcassets in Resources */,
				8465729B1E57587C00C18606 /* Main.storyboard in Resources */,
			);
			runOnlyForDeploymentPostprocessing = 0;
		};
/* End PBXResourcesBuildPhase section */

/* Begin PBXSourcesBuildPhase section */
		8465728E1E57587C00C18606 /* Sources */ = {
			isa = PBXSourcesBuildPhase;
			buildActionMask = 2147483647;
			files = (
				846572AB1E576F9000C18606 /* task.swift in Sources */,
				8465729E1E57587C00C18606 /* DoIt.xcdatamodeld in Sources */,
				846572981E57587C00C18606 /* ViewController.swift in Sources */,
				846572961E57587C00C18606 /* AppDelegate.swift in Sources */,
				846572AD1E5790A700C18606 /* CreateTaskViewController.swift in Sources */,
			);
			runOnlyForDeploymentPostprocessing = 0;
		};
/* End PBXSourcesBuildPhase section */

/* Begin PBXVariantGroup section */
		846572991E57587C00C18606 /* Main.storyboard */ = {
			isa = PBXVariantGroup;
			children = (
				8465729A1E57587C00C18606 /* Base */,
			);
			name = Main.storyboard;
			sourceTree = "<group>";
		};
		846572A11E57587C00C18606 /* LaunchScreen.storyboard */ = {
			isa = PBXVariantGroup;
			children = (
				846572A21E57587C00C18606 /* Base */,
			);
			name = LaunchScreen.storyboard;
			sourceTree = "<group>";
		};
/* End PBXVariantGroup section */

/* Begin XCBuildConfiguration section */
		846572A51E57587C00C18606 /* Debug */ = {
			isa = XCBuildConfiguration;
			buildSettings = {
				ALWAYS_SEARCH_USER_PATHS = NO;
				CLANG_ANALYZER_NONNULL = YES;
				CLANG_CXX_LANGUAGE_STANDARD = "gnu++0x";
				CLANG_CXX_LIBRARY = "libc++";
				CLANG_ENABLE_MODULES = YES;
				CLANG_ENABLE_OBJC_ARC = YES;
				CLANG_WARN_BOOL_CONVERSION = YES;
				CLANG_WARN_CONSTANT_CONVERSION = YES;
				CLANG_WARN_DIRECT_OBJC_ISA_USAGE = YES_ERROR;
				CLANG_WARN_DOCUMENTATION_COMMENTS = YES;
				CLANG_WARN_EMPTY_BODY = YES;
				CLANG_WARN_ENUM_CONVERSION = YES;
				CLANG_WARN_INFINITE_RECURSION = YES;
				CLANG_WARN_INT_CONVERSION = YES;
				CLANG_WARN_OBJC_ROOT_CLASS = YES_ERROR;
				CLANG_WARN_SUSPICIOUS_MOVE = YES;
				CLANG_WARN_UNREACHABLE_CODE = YES;
				CLANG_WARN__DUPLICATE_METHOD_MATCH = YES;
				"CODE_SIGN_IDENTITY[sdk=iphoneos*]" = "iPhone Developer";
				COPY_PHASE_STRIP = NO;
				DEBUG_INFORMATION_FORMAT = dwarf;
				ENABLE_STRICT_OBJC_MSGSEND = YES;
				ENABLE_TESTABILITY = YES;
				GCC_C_LANGUAGE_STANDARD = gnu99;
				GCC_DYNAMIC_NO_PIC = NO;
				GCC_NO_COMMON_BLOCKS = YES;
				GCC_OPTIMIZATION_LEVEL = 0;
				GCC_PREPROCESSOR_DEFINITIONS = (
					"DEBUG=1",
					"$(inherited)",
				);
				GCC_WARN_64_TO_32_BIT_CONVERSION = YES;
				GCC_WARN_ABOUT_RETURN_TYPE = YES_ERROR;
				GCC_WARN_UNDECLARED_SELECTOR = YES;
				GCC_WARN_UNINITIALIZED_AUTOS = YES_AGGRESSIVE;
				GCC_WARN_UNUSED_FUNCTION = YES;
				GCC_WARN_UNUSED_VARIABLE = YES;
				IPHONEOS_DEPLOYMENT_TARGET = 10.2;
				MTL_ENABLE_DEBUG_INFO = YES;
				ONLY_ACTIVE_ARCH = YES;
				SDKROOT = iphoneos;
				SWIFT_ACTIVE_COMPILATION_CONDITIONS = DEBUG;
				SWIFT_OPTIMIZATION_LEVEL = "-Onone";
				TARGETED_DEVICE_FAMILY = "1,2";
			};
			name = Debug;
		};
		846572A61E57587C00C18606 /* Release */ = {
			isa = XCBuildConfiguration;
			buildSettings = {
				ALWAYS_SEARCH_USER_PATHS = NO;
				CLANG_ANALYZER_NONNULL = YES;
				CLANG_CXX_LANGUAGE_STANDARD = "gnu++0x";
				CLANG_CXX_LIBRARY = "libc++";
				CLANG_ENABLE_MODULES = YES;
				CLANG_ENABLE_OBJC_ARC = YES;
				CLANG_WARN_BOOL_CONVERSION = YES;
				CLANG_WARN_CONSTANT_CONVERSION = YES;
				CLANG_WARN_DIRECT_OBJC_ISA_USAGE = YES_ERROR;
				CLANG_WARN_DOCUMENTATION_COMMENTS = YES;
				CLANG_WARN_EMPTY_BODY = YES;
				CLANG_WARN_ENUM_CONVERSION = YES;
				CLANG_WARN_INFINITE_RECURSION = YES;
				CLANG_WARN_INT_CONVERSION = YES;
				CLANG_WARN_OBJC_ROOT_CLASS = YES_ERROR;
				CLANG_WARN_SUSPICIOUS_MOVE = YES;
				CLANG_WARN_UNREACHABLE_CODE = YES;
				CLANG_WARN__DUPLICATE_METHOD_MATCH = YES;
				"CODE_SIGN_IDENTITY[sdk=iphoneos*]" = "iPhone Developer";
				COPY_PHASE_STRIP = NO;
				DEBUG_INFORMATION_FORMAT = "dwarf-with-dsym";
				ENABLE_NS_ASSERTIONS = NO;
				ENABLE_STRICT_OBJC_MSGSEND = YES;
				GCC_C_LANGUAGE_STANDARD = gnu99;
				GCC_NO_COMMON_BLOCKS = YES;
				GCC_WARN_64_TO_32_BIT_CONVERSION = YES;
				GCC_WARN_ABOUT_RETURN_TYPE = YES_ERROR;
				GCC_WARN_UNDECLARED_SELECTOR = YES;
				GCC_WARN_UNINITIALIZED_AUTOS = YES_AGGRESSIVE;
				GCC_WARN_UNUSED_FUNCTION = YES;
				GCC_WARN_UNUSED_VARIABLE = YES;
				IPHONEOS_DEPLOYMENT_TARGET = 10.2;
				MTL_ENABLE_DEBUG_INFO = NO;
				SDKROOT = iphoneos;
				SWIFT_OPTIMIZATION_LEVEL = "-Owholemodule";
				TARGETED_DEVICE_FAMILY = "1,2";
				VALIDATE_PRODUCT = YES;
			};
			name = Release;
		};
		846572A81E57587C00C18606 /* Debug */ = {
			isa = XCBuildConfiguration;
			buildSettings = {
				ASSETCATALOG_COMPILER_APPICON_NAME = AppIcon;
				INFOPLIST_FILE = DoIt/Info.plist;
				LD_RUNPATH_SEARCH_PATHS = "$(inherited) @executable_path/Frameworks";
				PRODUCT_BUNDLE_IDENTIFIER = "com.xxx1-0.DoIt";
				PRODUCT_NAME = "$(TARGET_NAME)";
				SWIFT_VERSION = 3.0;
			};
			name = Debug;
		};
		846572A91E57587C00C18606 /* Release */ = {
			isa = XCBuildConfiguration;
			buildSettings = {
				ASSETCATALOG_COMPILER_APPICON_NAME = AppIcon;
				INFOPLIST_FILE = DoIt/Info.plist;
				LD_RUNPATH_SEARCH_PATHS = "$(inherited) @executable_path/Frameworks";
				PRODUCT_BUNDLE_IDENTIFIER = "com.xxx1-0.DoIt";
				PRODUCT_NAME = "$(TARGET_NAME)";
				SWIFT_VERSION = 3.0;
			};
			name = Release;
		};
/* End XCBuildConfiguration section */

/* Begin XCConfigurationList section */
		8465728D1E57587C00C18606 /* Build configuration list for PBXProject "DoIt" */ = {
			isa = XCConfigurationList;
			buildConfigurations = (
				846572A51E57587C00C18606 /* Debug */,
				846572A61E57587C00C18606 /* Release */,
			);
			defaultConfigurationIsVisible = 0;
			defaultConfigurationName = Release;
		};
		846572A71E57587C00C18606 /* Build configuration list for PBXNativeTarget "DoIt" */ = {
			isa = XCConfigurationList;
			buildConfigurations = (
				846572A81E57587C00C18606 /* Debug */,
				846572A91E57587C00C18606 /* Release */,
			);
			defaultConfigurationIsVisible = 0;
		};
/* End XCConfigurationList section */

/* Begin XCVersionGroup section */
		8465729C1E57587C00C18606 /* DoIt.xcdatamodeld */ = {
			isa = XCVersionGroup;
			children = (
				8465729D1E57587C00C18606 /* DoIt.xcdatamodel */,
			);
			currentVersion = 8465729D1E57587C00C18606 /* DoIt.xcdatamodel */;
			path = DoIt.xcdatamodeld;
			sourceTree = "<group>";
			versionGroupType = wrapper.xcdatamodel;
		};
/* End XCVersionGroup section */
	};
	rootObject = 8465728A1E57587C00C18606 /* Project object */;
}
